// !$*UTF8*$!
{
	archiveVersion = 1;
	classes = {
	};
	objectVersion = 50;
	objects = {

/* Begin PBXBuildFile section */
		4333F7DF256296F2006A8698 /* AppDelegate.swift in Sources */ = {isa = PBXBuildFile; fileRef = 4333F7DE256296F2006A8698 /* AppDelegate.swift */; };
		4333F7E1256296F2006A8698 /* SceneDelegate.swift in Sources */ = {isa = PBXBuildFile; fileRef = 4333F7E0256296F2006A8698 /* SceneDelegate.swift */; };
		4333F7E3256296F2006A8698 /* ViewController.swift in Sources */ = {isa = PBXBuildFile; fileRef = 4333F7E2256296F2006A8698 /* ViewController.swift */; };
		4333F7E8256296F3006A8698 /* Assets.xcassets in Resources */ = {isa = PBXBuildFile; fileRef = 4333F7E7256296F3006A8698 /* Assets.xcassets */; };
		4333F7EB256296F3006A8698 /* LaunchScreen.storyboard in Resources */ = {isa = PBXBuildFile; fileRef = 4333F7E9256296F3006A8698 /* LaunchScreen.storyboard */; };
		4333F7F6256296F3006A8698 /* DraggableViewTests.swift in Sources */ = {isa = PBXBuildFile; fileRef = 4333F7F5256296F3006A8698 /* DraggableViewTests.swift */; };
		4333F801256296F3006A8698 /* DraggableViewUITests.swift in Sources */ = {isa = PBXBuildFile; fileRef = 4333F800256296F3006A8698 /* DraggableViewUITests.swift */; };
		4333F8182562974C006A8698 /* Extensions.swift in Sources */ = {isa = PBXBuildFile; fileRef = 4333F8172562974C006A8698 /* Extensions.swift */; };
		4333F81D25629767006A8698 /* AddViewController.swift in Sources */ = {isa = PBXBuildFile; fileRef = 4333F81C25629767006A8698 /* AddViewController.swift */; };
		4333F82225629789006A8698 /* PresentationController.swift in Sources */ = {isa = PBXBuildFile; fileRef = 4333F82125629789006A8698 /* PresentationController.swift */; };
		85AB3AD051DB8C5F05C60874 /* Pods_DraggableViewTests.framework in Frameworks */ = {isa = PBXBuildFile; fileRef = 9E90E6B3113B9E420F99D8E0 /* Pods_DraggableViewTests.framework */; };
		E0A159A26C21698D2E2B0880 /* Pods_DraggableView.framework in Frameworks */ = {isa = PBXBuildFile; fileRef = 6DF20EBD55949DD806352248 /* Pods_DraggableView.framework */; };
		F08F44EEDADA81740C9AC143 /* Pods_DraggableView_DraggableViewUITests.framework in Frameworks */ = {isa = PBXBuildFile; fileRef = 294DB833ECBEBE107E880C07 /* Pods_DraggableView_DraggableViewUITests.framework */; };
/* End PBXBuildFile section */

/* Begin PBXContainerItemProxy section */
		4333F7F2256296F3006A8698 /* PBXContainerItemProxy */ = {
			isa = PBXContainerItemProxy;
			containerPortal = 4333F7D3256296F2006A8698 /* Project object */;
			proxyType = 1;
			remoteGlobalIDString = 4333F7DA256296F2006A8698;
			remoteInfo = DraggableView;
		};
		4333F7FD256296F3006A8698 /* PBXContainerItemProxy */ = {
			isa = PBXContainerItemProxy;
			containerPortal = 4333F7D3256296F2006A8698 /* Project object */;
			proxyType = 1;
			remoteGlobalIDString = 4333F7DA256296F2006A8698;
			remoteInfo = DraggableView;
		};
/* End PBXContainerItemProxy section */

/* Begin PBXFileReference section */
		1499A736E29003EC24E507C8 /* Pods-DraggableView-DraggableViewUITests.debug.xcconfig */ = {isa = PBXFileReference; includeInIndex = 1; lastKnownFileType = text.xcconfig; name = "Pods-DraggableView-DraggableViewUITests.debug.xcconfig"; path = "Target Support Files/Pods-DraggableView-DraggableViewUITests/Pods-DraggableView-DraggableViewUITests.debug.xcconfig"; sourceTree = "<group>"; };
		2762585C38D7A6D3A1315588 /* Pods-DraggableViewTests.debug.xcconfig */ = {isa = PBXFileReference; includeInIndex = 1; lastKnownFileType = text.xcconfig; name = "Pods-DraggableViewTests.debug.xcconfig"; path = "Target Support Files/Pods-DraggableViewTests/Pods-DraggableViewTests.debug.xcconfig"; sourceTree = "<group>"; };
		294DB833ECBEBE107E880C07 /* Pods_DraggableView_DraggableViewUITests.framework */ = {isa = PBXFileReference; explicitFileType = wrapper.framework; includeInIndex = 0; path = Pods_DraggableView_DraggableViewUITests.framework; sourceTree = BUILT_PRODUCTS_DIR; };
		4333F7DB256296F2006A8698 /* DraggableView.app */ = {isa = PBXFileReference; explicitFileType = wrapper.application; includeInIndex = 0; path = DraggableView.app; sourceTree = BUILT_PRODUCTS_DIR; };
		4333F7DE256296F2006A8698 /* AppDelegate.swift */ = {isa = PBXFileReference; lastKnownFileType = sourcecode.swift; path = AppDelegate.swift; sourceTree = "<group>"; };
		4333F7E0256296F2006A8698 /* SceneDelegate.swift */ = {isa = PBXFileReference; lastKnownFileType = sourcecode.swift; path = SceneDelegate.swift; sourceTree = "<group>"; };
		4333F7E2256296F2006A8698 /* ViewController.swift */ = {isa = PBXFileReference; lastKnownFileType = sourcecode.swift; path = ViewController.swift; sourceTree = "<group>"; };
		4333F7E7256296F3006A8698 /* Assets.xcassets */ = {isa = PBXFileReference; lastKnownFileType = folder.assetcatalog; path = Assets.xcassets; sourceTree = "<group>"; };
		4333F7EA256296F3006A8698 /* Base */ = {isa = PBXFileReference; lastKnownFileType = file.storyboard; name = Base; path = Base.lproj/LaunchScreen.storyboard; sourceTree = "<group>"; };
		4333F7EC256296F3006A8698 /* Info.plist */ = {isa = PBXFileReference; lastKnownFileType = text.plist.xml; path = Info.plist; sourceTree = "<group>"; };
		4333F7F1256296F3006A8698 /* DraggableViewTests.xctest */ = {isa = PBXFileReference; explicitFileType = wrapper.cfbundle; includeInIndex = 0; path = DraggableViewTests.xctest; sourceTree = BUILT_PRODUCTS_DIR; };
		4333F7F5256296F3006A8698 /* DraggableViewTests.swift */ = {isa = PBXFileReference; lastKnownFileType = sourcecode.swift; path = DraggableViewTests.swift; sourceTree = "<group>"; };
		4333F7F7256296F3006A8698 /* Info.plist */ = {isa = PBXFileReference; lastKnownFileType = text.plist.xml; path = Info.plist; sourceTree = "<group>"; };
		4333F7FC256296F3006A8698 /* DraggableViewUITests.xctest */ = {isa = PBXFileReference; explicitFileType = wrapper.cfbundle; includeInIndex = 0; path = DraggableViewUITests.xctest; sourceTree = BUILT_PRODUCTS_DIR; };
		4333F800256296F3006A8698 /* DraggableViewUITests.swift */ = {isa = PBXFileReference; lastKnownFileType = sourcecode.swift; path = DraggableViewUITests.swift; sourceTree = "<group>"; };
		4333F802256296F3006A8698 /* Info.plist */ = {isa = PBXFileReference; lastKnownFileType = text.plist.xml; path = Info.plist; sourceTree = "<group>"; };
		4333F8172562974C006A8698 /* Extensions.swift */ = {isa = PBXFileReference; lastKnownFileType = sourcecode.swift; path = Extensions.swift; sourceTree = "<group>"; };
		4333F81C25629767006A8698 /* AddViewController.swift */ = {isa = PBXFileReference; lastKnownFileType = sourcecode.swift; path = AddViewController.swift; sourceTree = "<group>"; };
		4333F82125629789006A8698 /* PresentationController.swift */ = {isa = PBXFileReference; lastKnownFileType = sourcecode.swift; path = PresentationController.swift; sourceTree = "<group>"; };
		6DF20EBD55949DD806352248 /* Pods_DraggableView.framework */ = {isa = PBXFileReference; explicitFileType = wrapper.framework; includeInIndex = 0; path = Pods_DraggableView.framework; sourceTree = BUILT_PRODUCTS_DIR; };
		8892B2BE79EE4CA251B76A87 /* Pods-DraggableView-DraggableViewUITests.release.xcconfig */ = {isa = PBXFileReference; includeInIndex = 1; lastKnownFileType = text.xcconfig; name = "Pods-DraggableView-DraggableViewUITests.release.xcconfig"; path = "Target Support Files/Pods-DraggableView-DraggableViewUITests/Pods-DraggableView-DraggableViewUITests.release.xcconfig"; sourceTree = "<group>"; };
		91081FD0F63273CCD78BCFFC /* Pods-DraggableView.release.xcconfig */ = {isa = PBXFileReference; includeInIndex = 1; lastKnownFileType = text.xcconfig; name = "Pods-DraggableView.release.xcconfig"; path = "Target Support Files/Pods-DraggableView/Pods-DraggableView.release.xcconfig"; sourceTree = "<group>"; };
		9BB087D4F0A0CC91A3C98D1B /* Pods-DraggableView.debug.xcconfig */ = {isa = PBXFileReference; includeInIndex = 1; lastKnownFileType = text.xcconfig; name = "Pods-DraggableView.debug.xcconfig"; path = "Target Support Files/Pods-DraggableView/Pods-DraggableView.debug.xcconfig"; sourceTree = "<group>"; };
		9E90E6B3113B9E420F99D8E0 /* Pods_DraggableViewTests.framework */ = {isa = PBXFileReference; explicitFileType = wrapper.framework; includeInIndex = 0; path = Pods_DraggableViewTests.framework; sourceTree = BUILT_PRODUCTS_DIR; };
		B553139443E01531F7127E8E /* Pods-DraggableViewTests.release.xcconfig */ = {isa = PBXFileReference; includeInIndex = 1; lastKnownFileType = text.xcconfig; name = "Pods-DraggableViewTests.release.xcconfig"; path = "Target Support Files/Pods-DraggableViewTests/Pods-DraggableViewTests.release.xcconfig"; sourceTree = "<group>"; };
/* End PBXFileReference section */

/* Begin PBXFrameworksBuildPhase section */
		4333F7D8256296F2006A8698 /* Frameworks */ = {
			isa = PBXFrameworksBuildPhase;
			buildActionMask = 2147483647;
			files = (
				E0A159A26C21698D2E2B0880 /* Pods_DraggableView.framework in Frameworks */,
			);
			runOnlyForDeploymentPostprocessing = 0;
		};
		4333F7EE256296F3006A8698 /* Frameworks */ = {
			isa = PBXFrameworksBuildPhase;
			buildActionMask = 2147483647;
			files = (
				85AB3AD051DB8C5F05C60874 /* Pods_DraggableViewTests.framework in Frameworks */,
			);
			runOnlyForDeploymentPostprocessing = 0;
		};
		4333F7F9256296F3006A8698 /* Frameworks */ = {
			isa = PBXFrameworksBuildPhase;
			buildActionMask = 2147483647;
			files = (
				F08F44EEDADA81740C9AC143 /* Pods_DraggableView_DraggableViewUITests.framework in Frameworks */,
			);
			runOnlyForDeploymentPostprocessing = 0;
		};
/* End PBXFrameworksBuildPhase section */

/* Begin PBXGroup section */
		4333F7D2256296F2006A8698 = {
			isa = PBXGroup;
			children = (
				4333F7DD256296F2006A8698 /* DraggableView */,
				4333F7F4256296F3006A8698 /* DraggableViewTests */,
				4333F7FF256296F3006A8698 /* DraggableViewUITests */,
				4333F7DC256296F2006A8698 /* Products */,
				5B189543F9BF7F1105FA9020 /* Pods */,
				4769F44B793FCC83324F0761 /* Frameworks */,
			);
			sourceTree = "<group>";
		};
		4333F7DC256296F2006A8698 /* Products */ = {
			isa = PBXGroup;
			children = (
				4333F7DB256296F2006A8698 /* DraggableView.app */,
				4333F7F1256296F3006A8698 /* DraggableViewTests.xctest */,
				4333F7FC256296F3006A8698 /* DraggableViewUITests.xctest */,
			);
			name = Products;
			sourceTree = "<group>";
		};
		4333F7DD256296F2006A8698 /* DraggableView */ = {
			isa = PBXGroup;
			children = (
				4333F7DE256296F2006A8698 /* AppDelegate.swift */,
				4333F7E0256296F2006A8698 /* SceneDelegate.swift */,
				4333F7E2256296F2006A8698 /* ViewController.swift */,
				4333F7E7256296F3006A8698 /* Assets.xcassets */,
				4333F7E9256296F3006A8698 /* LaunchScreen.storyboard */,
				4333F7EC256296F3006A8698 /* Info.plist */,
				4333F8172562974C006A8698 /* Extensions.swift */,
				4333F81C25629767006A8698 /* AddViewController.swift */,
				4333F82125629789006A8698 /* PresentationController.swift */,
			);
			path = DraggableView;
			sourceTree = "<group>";
		};
		4333F7F4256296F3006A8698 /* DraggableViewTests */ = {
			isa = PBXGroup;
			children = (
				4333F7F5256296F3006A8698 /* DraggableViewTests.swift */,
				4333F7F7256296F3006A8698 /* Info.plist */,
			);
			path = DraggableViewTests;
			sourceTree = "<group>";
		};
		4333F7FF256296F3006A8698 /* DraggableViewUITests */ = {
			isa = PBXGroup;
			children = (
				4333F800256296F3006A8698 /* DraggableViewUITests.swift */,
				4333F802256296F3006A8698 /* Info.plist */,
			);
			path = DraggableViewUITests;
			sourceTree = "<group>";
		};
		4769F44B793FCC83324F0761 /* Frameworks */ = {
			isa = PBXGroup;
			children = (
				6DF20EBD55949DD806352248 /* Pods_DraggableView.framework */,
				294DB833ECBEBE107E880C07 /* Pods_DraggableView_DraggableViewUITests.framework */,
				9E90E6B3113B9E420F99D8E0 /* Pods_DraggableViewTests.framework */,
			);
			name = Frameworks;
			sourceTree = "<group>";
		};
		5B189543F9BF7F1105FA9020 /* Pods */ = {
			isa = PBXGroup;
			children = (
				9BB087D4F0A0CC91A3C98D1B /* Pods-DraggableView.debug.xcconfig */,
				91081FD0F63273CCD78BCFFC /* Pods-DraggableView.release.xcconfig */,
				1499A736E29003EC24E507C8 /* Pods-DraggableView-DraggableViewUITests.debug.xcconfig */,
				8892B2BE79EE4CA251B76A87 /* Pods-DraggableView-DraggableViewUITests.release.xcconfig */,
				2762585C38D7A6D3A1315588 /* Pods-DraggableViewTests.debug.xcconfig */,
				B553139443E01531F7127E8E /* Pods-DraggableViewTests.release.xcconfig */,
			);
			name = Pods;
			path = Pods;
			sourceTree = "<group>";
		};
/* End PBXGroup section */

/* Begin PBXNativeTarget section */
		4333F7DA256296F2006A8698 /* DraggableView */ = {
			isa = PBXNativeTarget;
			buildConfigurationList = 4333F805256296F3006A8698 /* Build configuration list for PBXNativeTarget "DraggableView" */;
			buildPhases = (
				B7A98FC387194626A28014B8 /* [CP] Check Pods Manifest.lock */,
				4333F7D7256296F2006A8698 /* Sources */,
				4333F7D8256296F2006A8698 /* Frameworks */,
				4333F7D9256296F2006A8698 /* Resources */,
				4D67A9E92B102EB1C19185B4 /* [CP] Embed Pods Frameworks */,
			);
			buildRules = (
			);
			dependencies = (
			);
			name = DraggableView;
			productName = DraggableView;
			productReference = 4333F7DB256296F2006A8698 /* DraggableView.app */;
			productType = "com.apple.product-type.application";
		};
		4333F7F0256296F3006A8698 /* DraggableViewTests */ = {
			isa = PBXNativeTarget;
			buildConfigurationList = 4333F808256296F3006A8698 /* Build configuration list for PBXNativeTarget "DraggableViewTests" */;
			buildPhases = (
				3E6C0C62A832934F201CA24D /* [CP] Check Pods Manifest.lock */,
				4333F7ED256296F3006A8698 /* Sources */,
				4333F7EE256296F3006A8698 /* Frameworks */,
				4333F7EF256296F3006A8698 /* Resources */,
			);
			buildRules = (
			);
			dependencies = (
				4333F7F3256296F3006A8698 /* PBXTargetDependency */,
			);
			name = DraggableViewTests;
			productName = DraggableViewTests;
			productReference = 4333F7F1256296F3006A8698 /* DraggableViewTests.xctest */;
			productType = "com.apple.product-type.bundle.unit-test";
		};
		4333F7FB256296F3006A8698 /* DraggableViewUITests */ = {
			isa = PBXNativeTarget;
			buildConfigurationList = 4333F80B256296F3006A8698 /* Build configuration list for PBXNativeTarget "DraggableViewUITests" */;
			buildPhases = (
				4768ABCD04FBE189519D22FE /* [CP] Check Pods Manifest.lock */,
				4333F7F8256296F3006A8698 /* Sources */,
				4333F7F9256296F3006A8698 /* Frameworks */,
				4333F7FA256296F3006A8698 /* Resources */,
				43DCAAC38AB8F26293720168 /* [CP] Embed Pods Frameworks */,
			);
			buildRules = (
			);
			dependencies = (
				4333F7FE256296F3006A8698 /* PBXTargetDependency */,
			);
			name = DraggableViewUITests;
			productName = DraggableViewUITests;
			productReference = 4333F7FC256296F3006A8698 /* DraggableViewUITests.xctest */;
			productType = "com.apple.product-type.bundle.ui-testing";
		};
/* End PBXNativeTarget section */

/* Begin PBXProject section */
		4333F7D3256296F2006A8698 /* Project object */ = {
			isa = PBXProject;
			attributes = {
				LastSwiftUpdateCheck = 1220;
				LastUpgradeCheck = 1220;
				TargetAttributes = {
					4333F7DA256296F2006A8698 = {
						CreatedOnToolsVersion = 12.2;
					};
					4333F7F0256296F3006A8698 = {
						CreatedOnToolsVersion = 12.2;
						TestTargetID = 4333F7DA256296F2006A8698;
					};
					4333F7FB256296F3006A8698 = {
						CreatedOnToolsVersion = 12.2;
						TestTargetID = 4333F7DA256296F2006A8698;
					};
				};
			};
			buildConfigurationList = 4333F7D6256296F2006A8698 /* Build configuration list for PBXProject "DraggableView" */;
			compatibilityVersion = "Xcode 9.3";
			developmentRegion = en;
			hasScannedForEncodings = 0;
			knownRegions = (
				en,
				Base,
			);
			mainGroup = 4333F7D2256296F2006A8698;
			productRefGroup = 4333F7DC256296F2006A8698 /* Products */;
			projectDirPath = "";
			projectRoot = "";
			targets = (
				4333F7DA256296F2006A8698 /* DraggableView */,
				4333F7F0256296F3006A8698 /* DraggableViewTests */,
				4333F7FB256296F3006A8698 /* DraggableViewUITests */,
			);
		};
/* End PBXProject section */

/* Begin PBXResourcesBuildPhase section */
		4333F7D9256296F2006A8698 /* Resources */ = {
			isa = PBXResourcesBuildPhase;
			buildActionMask = 2147483647;
			files = (
				4333F7EB256296F3006A8698 /* LaunchScreen.storyboard in Resources */,
				4333F7E8256296F3006A8698 /* Assets.xcassets in Resources */,
			);
			runOnlyForDeploymentPostprocessing = 0;
		};
		4333F7EF256296F3006A8698 /* Resources */ = {
			isa = PBXResourcesBuildPhase;
			buildActionMask = 2147483647;
			files = (
			);
			runOnlyForDeploymentPostprocessing = 0;
		};
		4333F7FA256296F3006A8698 /* Resources */ = {
			isa = PBXResourcesBuildPhase;
			buildActionMask = 2147483647;
			files = (
			);
			runOnlyForDeploymentPostprocessing = 0;
		};
/* End PBXResourcesBuildPhase section */

/* Begin PBXShellScriptBuildPhase section */
		3E6C0C62A832934F201CA24D /* [CP] Check Pods Manifest.lock */ = {
			isa = PBXShellScriptBuildPhase;
			buildActionMask = 2147483647;
			files = (
			);
			inputFileListPaths = (
			);
			inputPaths = (
				"${PODS_PODFILE_DIR_PATH}/Podfile.lock",
				"${PODS_ROOT}/Manifest.lock",
			);
			name = "[CP] Check Pods Manifest.lock";
			outputFileListPaths = (
			);
			outputPaths = (
				"$(DERIVED_FILE_DIR)/Pods-DraggableViewTests-checkManifestLockResult.txt",
			);
			runOnlyForDeploymentPostprocessing = 0;
			shellPath = /bin/sh;
			shellScript = "diff \"${PODS_PODFILE_DIR_PATH}/Podfile.lock\" \"${PODS_ROOT}/Manifest.lock\" > /dev/null\nif [ $? != 0 ] ; then\n    # print error to STDERR\n    echo \"error: The sandbox is not in sync with the Podfile.lock. Run 'pod install' or update your CocoaPods installation.\" >&2\n    exit 1\nfi\n# This output is used by Xcode 'outputs' to avoid re-running this script phase.\necho \"SUCCESS\" > \"${SCRIPT_OUTPUT_FILE_0}\"\n";
			showEnvVarsInLog = 0;
		};
		43DCAAC38AB8F26293720168 /* [CP] Embed Pods Frameworks */ = {
			isa = PBXShellScriptBuildPhase;
			buildActionMask = 2147483647;
			files = (
			);
			inputFileListPaths = (
				"${PODS_ROOT}/Target Support Files/Pods-DraggableView-DraggableViewUITests/Pods-DraggableView-DraggableViewUITests-frameworks-${CONFIGURATION}-input-files.xcfilelist",
			);
			name = "[CP] Embed Pods Frameworks";
			outputFileListPaths = (
				"${PODS_ROOT}/Target Support Files/Pods-DraggableView-DraggableViewUITests/Pods-DraggableView-DraggableViewUITests-frameworks-${CONFIGURATION}-output-files.xcfilelist",
			);
			runOnlyForDeploymentPostprocessing = 0;
			shellPath = /bin/sh;
			shellScript = "\"${PODS_ROOT}/Target Support Files/Pods-DraggableView-DraggableViewUITests/Pods-DraggableView-DraggableViewUITests-frameworks.sh\"\n";
			showEnvVarsInLog = 0;
		};
		4768ABCD04FBE189519D22FE /* [CP] Check Pods Manifest.lock */ = {
			isa = PBXShellScriptBuildPhase;
			buildActionMask = 2147483647;
			files = (
			);
			inputFileListPaths = (
			);
			inputPaths = (
				"${PODS_PODFILE_DIR_PATH}/Podfile.lock",
				"${PODS_ROOT}/Manifest.lock",
			);
			name = "[CP] Check Pods Manifest.lock";
			outputFileListPaths = (
			);
			outputPaths = (
				"$(DERIVED_FILE_DIR)/Pods-DraggableView-DraggableViewUITests-checkManifestLockResult.txt",
			);
			runOnlyForDeploymentPostprocessing = 0;
			shellPath = /bin/sh;
			shellScript = "diff \"${PODS_PODFILE_DIR_PATH}/Podfile.lock\" \"${PODS_ROOT}/Manifest.lock\" > /dev/null\nif [ $? != 0 ] ; then\n    # print error to STDERR\n    echo \"error: The sandbox is not in sync with the Podfile.lock. Run 'pod install' or update your CocoaPods installation.\" >&2\n    exit 1\nfi\n# This output is used by Xcode 'outputs' to avoid re-running this script phase.\necho \"SUCCESS\" > \"${SCRIPT_OUTPUT_FILE_0}\"\n";
			showEnvVarsInLog = 0;
		};
		4D67A9E92B102EB1C19185B4 /* [CP] Embed Pods Frameworks */ = {
			isa = PBXShellScriptBuildPhase;
			buildActionMask = 2147483647;
			files = (
			);
			inputFileListPaths = (
				"${PODS_ROOT}/Target Support Files/Pods-DraggableView/Pods-DraggableView-frameworks-${CONFIGURATION}-input-files.xcfilelist",
			);
			name = "[CP] Embed Pods Frameworks";
			outputFileListPaths = (
				"${PODS_ROOT}/Target Support Files/Pods-DraggableView/Pods-DraggableView-frameworks-${CONFIGURATION}-output-files.xcfilelist",
			);
			runOnlyForDeploymentPostprocessing = 0;
			shellPath = /bin/sh;
			shellScript = "\"${PODS_ROOT}/Target Support Files/Pods-DraggableView/Pods-DraggableView-frameworks.sh\"\n";
			showEnvVarsInLog = 0;
		};
		B7A98FC387194626A28014B8 /* [CP] Check Pods Manifest.lock */ = {
			isa = PBXShellScriptBuildPhase;
			buildActionMask = 2147483647;
			files = (
			);
			inputFileListPaths = (
			);
			inputPaths = (
				"${PODS_PODFILE_DIR_PATH}/Podfile.lock",
				"${PODS_ROOT}/Manifest.lock",
			);
			name = "[CP] Check Pods Manifest.lock";
			outputFileListPaths = (
			);
			outputPaths = (
				"$(DERIVED_FILE_DIR)/Pods-DraggableView-checkManifestLockResult.txt",
			);
			runOnlyForDeploymentPostprocessing = 0;
			shellPath = /bin/sh;
			shellScript = "diff \"${PODS_PODFILE_DIR_PATH}/Podfile.lock\" \"${PODS_ROOT}/Manifest.lock\" > /dev/null\nif [ $? != 0 ] ; then\n    # print error to STDERR\n    echo \"error: The sandbox is not in sync with the Podfile.lock. Run 'pod install' or update your CocoaPods installation.\" >&2\n    exit 1\nfi\n# This output is used by Xcode 'outputs' to avoid re-running this script phase.\necho \"SUCCESS\" > \"${SCRIPT_OUTPUT_FILE_0}\"\n";
			showEnvVarsInLog = 0;
		};
/* End PBXShellScriptBuildPhase section */

/* Begin PBXSourcesBuildPhase section */
		4333F7D7256296F2006A8698 /* Sources */ = {
			isa = PBXSourcesBuildPhase;
			buildActionMask = 2147483647;
			files = (
				4333F81D25629767006A8698 /* AddViewController.swift in Sources */,
				4333F7E3256296F2006A8698 /* ViewController.swift in Sources */,
				4333F7DF256296F2006A8698 /* AppDelegate.swift in Sources */,
				4333F7E1256296F2006A8698 /* SceneDelegate.swift in Sources */,
				4333F8182562974C006A8698 /* Extensions.swift in Sources */,
				4333F82225629789006A8698 /* PresentationController.swift in Sources */,
			);
			runOnlyForDeploymentPostprocessing = 0;
		};
		4333F7ED256296F3006A8698 /* Sources */ = {
			isa = PBXSourcesBuildPhase;
			buildActionMask = 2147483647;
			files = (
				4333F7F6256296F3006A8698 /* DraggableViewTests.swift in Sources */,
			);
			runOnlyForDeploymentPostprocessing = 0;
		};
		4333F7F8256296F3006A8698 /* Sources */ = {
			isa = PBXSourcesBuildPhase;
			buildActionMask = 2147483647;
			files = (
				4333F801256296F3006A8698 /* DraggableViewUITests.swift in Sources */,
			);
			runOnlyForDeploymentPostprocessing = 0;
		};
/* End PBXSourcesBuildPhase section */

/* Begin PBXTargetDependency section */
		4333F7F3256296F3006A8698 /* PBXTargetDependency */ = {
			isa = PBXTargetDependency;
			target = 4333F7DA256296F2006A8698 /* DraggableView */;
			targetProxy = 4333F7F2256296F3006A8698 /* PBXContainerItemProxy */;
		};
		4333F7FE256296F3006A8698 /* PBXTargetDependency */ = {
			isa = PBXTargetDependency;
			target = 4333F7DA256296F2006A8698 /* DraggableView */;
			targetProxy = 4333F7FD256296F3006A8698 /* PBXContainerItemProxy */;
		};
/* End PBXTargetDependency section */

/* Begin PBXVariantGroup section */
		4333F7E9256296F3006A8698 /* LaunchScreen.storyboard */ = {
			isa = PBXVariantGroup;
			children = (
				4333F7EA256296F3006A8698 /* Base */,
			);
			name = LaunchScreen.storyboard;
			sourceTree = "<group>";
		};
/* End PBXVariantGroup section */

/* Begin XCBuildConfiguration section */
		4333F803256296F3006A8698 /* Debug */ = {
			isa = XCBuildConfiguration;
			buildSettings = {
				ALWAYS_SEARCH_USER_PATHS = NO;
				CLANG_ANALYZER_NONNULL = YES;
				CLANG_ANALYZER_NUMBER_OBJECT_CONVERSION = YES_AGGRESSIVE;
				CLANG_CXX_LANGUAGE_STANDARD = "gnu++14";
				CLANG_CXX_LIBRARY = "libc++";
				CLANG_ENABLE_MODULES = YES;
				CLANG_ENABLE_OBJC_ARC = YES;
				CLANG_ENABLE_OBJC_WEAK = YES;
				CLANG_WARN_BLOCK_CAPTURE_AUTORELEASING = YES;
				CLANG_WARN_BOOL_CONVERSION = YES;
				CLANG_WARN_COMMA = YES;
				CLANG_WARN_CONSTANT_CONVERSION = YES;
				CLANG_WARN_DEPRECATED_OBJC_IMPLEMENTATIONS = YES;
				CLANG_WARN_DIRECT_OBJC_ISA_USAGE = YES_ERROR;
				CLANG_WARN_DOCUMENTATION_COMMENTS = YES;
				CLANG_WARN_EMPTY_BODY = YES;
				CLANG_WARN_ENUM_CONVERSION = YES;
				CLANG_WARN_INFINITE_RECURSION = YES;
				CLANG_WARN_INT_CONVERSION = YES;
				CLANG_WARN_NON_LITERAL_NULL_CONVERSION = YES;
				CLANG_WARN_OBJC_IMPLICIT_RETAIN_SELF = YES;
				CLANG_WARN_OBJC_LITERAL_CONVERSION = YES;
				CLANG_WARN_OBJC_ROOT_CLASS = YES_ERROR;
				CLANG_WARN_QUOTED_INCLUDE_IN_FRAMEWORK_HEADER = YES;
				CLANG_WARN_RANGE_LOOP_ANALYSIS = YES;
				CLANG_WARN_STRICT_PROTOTYPES = YES;
				CLANG_WARN_SUSPICIOUS_MOVE = YES;
				CLANG_WARN_UNGUARDED_AVAILABILITY = YES_AGGRESSIVE;
				CLANG_WARN_UNREACHABLE_CODE = YES;
				CLANG_WARN__DUPLICATE_METHOD_MATCH = YES;
				COPY_PHASE_STRIP = NO;
				DEBUG_INFORMATION_FORMAT = dwarf;
				ENABLE_STRICT_OBJC_MSGSEND = YES;
				ENABLE_TESTABILITY = YES;
				GCC_C_LANGUAGE_STANDARD = gnu11;
				GCC_DYNAMIC_NO_PIC = NO;
				GCC_NO_COMMON_BLOCKS = YES;
				GCC_OPTIMIZATION_LEVEL = 0;
				GCC_PREPROCESSOR_DEFINITIONS = (
					"DEBUG=1",
					"$(inherited)",
				);
				GCC_WARN_64_TO_32_BIT_CONVERSION = YES;
				GCC_WARN_ABOUT_RETURN_TYPE = YES_ERROR;
				GCC_WARN_UNDECLARED_SELECTOR = YES;
				GCC_WARN_UNINITIALIZED_AUTOS = YES_AGGRESSIVE;
				GCC_WARN_UNUSED_FUNCTION = YES;
				GCC_WARN_UNUSED_VARIABLE = YES;
				IPHONEOS_DEPLOYMENT_TARGET = 14.2;
				MTL_ENABLE_DEBUG_INFO = INCLUDE_SOURCE;
				MTL_FAST_MATH = YES;
				ONLY_ACTIVE_ARCH = YES;
				SDKROOT = iphoneos;
				SWIFT_ACTIVE_COMPILATION_CONDITIONS = DEBUG;
				SWIFT_OPTIMIZATION_LEVEL = "-Onone";
			};
			name = Debug;
		};
		4333F804256296F3006A8698 /* Release */ = {
			isa = XCBuildConfiguration;
			buildSettings = {
				ALWAYS_SEARCH_USER_PATHS = NO;
				CLANG_ANALYZER_NONNULL = YES;
				CLANG_ANALYZER_NUMBER_OBJECT_CONVERSION = YES_AGGRESSIVE;
				CLANG_CXX_LANGUAGE_STANDARD = "gnu++14";
				CLANG_CXX_LIBRARY = "libc++";
				CLANG_ENABLE_MODULES = YES;
				CLANG_ENABLE_OBJC_ARC = YES;
				CLANG_ENABLE_OBJC_WEAK = YES;
				CLANG_WARN_BLOCK_CAPTURE_AUTORELEASING = YES;
				CLANG_WARN_BOOL_CONVERSION = YES;
				CLANG_WARN_COMMA = YES;
				CLANG_WARN_CONSTANT_CONVERSION = YES;
				CLANG_WARN_DEPRECATED_OBJC_IMPLEMENTATIONS = YES;
				CLANG_WARN_DIRECT_OBJC_ISA_USAGE = YES_ERROR;
				CLANG_WARN_DOCUMENTATION_COMMENTS = YES;
				CLANG_WARN_EMPTY_BODY = YES;
				CLANG_WARN_ENUM_CONVERSION = YES;
				CLANG_WARN_INFINITE_RECURSION = YES;
				CLANG_WARN_INT_CONVERSION = YES;
				CLANG_WARN_NON_LITERAL_NULL_CONVERSION = YES;
				CLANG_WARN_OBJC_IMPLICIT_RETAIN_SELF = YES;
				CLANG_WARN_OBJC_LITERAL_CONVERSION = YES;
				CLANG_WARN_OBJC_ROOT_CLASS = YES_ERROR;
				CLANG_WARN_QUOTED_INCLUDE_IN_FRAMEWORK_HEADER = YES;
				CLANG_WARN_RANGE_LOOP_ANALYSIS = YES;
				CLANG_WARN_STRICT_PROTOTYPES = YES;
				CLANG_WARN_SUSPICIOUS_MOVE = YES;
				CLANG_WARN_UNGUARDED_AVAILABILITY = YES_AGGRESSIVE;
				CLANG_WARN_UNREACHABLE_CODE = YES;
				CLANG_WARN__DUPLICATE_METHOD_MATCH = YES;
				COPY_PHASE_STRIP = NO;
				DEBUG_INFORMATION_FORMAT = "dwarf-with-dsym";
				ENABLE_NS_ASSERTIONS = NO;
				ENABLE_STRICT_OBJC_MSGSEND = YES;
				GCC_C_LANGUAGE_STANDARD = gnu11;
				GCC_NO_COMMON_BLOCKS = YES;
				GCC_WARN_64_TO_32_BIT_CONVERSION = YES;
				GCC_WARN_ABOUT_RETURN_TYPE = YES_ERROR;
				GCC_WARN_UNDECLARED_SELECTOR = YES;
				GCC_WARN_UNINITIALIZED_AUTOS = YES_AGGRESSIVE;
				GCC_WARN_UNUSED_FUNCTION = YES;
				GCC_WARN_UNUSED_VARIABLE = YES;
				IPHONEOS_DEPLOYMENT_TARGET = 14.2;
				MTL_ENABLE_DEBUG_INFO = NO;
				MTL_FAST_MATH = YES;
				SDKROOT = iphoneos;
				SWIFT_COMPILATION_MODE = wholemodule;
				SWIFT_OPTIMIZATION_LEVEL = "-O";
				VALIDATE_PRODUCT = YES;
			};
			name = Release;
		};
		4333F806256296F3006A8698 /* Debug */ = {
			isa = XCBuildConfiguration;
			baseConfigurationReference = 9BB087D4F0A0CC91A3C98D1B /* Pods-DraggableView.debug.xcconfig */;
			buildSettings = {
				ASSETCATALOG_COMPILER_APPICON_NAME = AppIcon;
				ASSETCATALOG_COMPILER_GLOBAL_ACCENT_COLOR_NAME = AccentColor;
				CODE_SIGN_STYLE = Automatic;
				DEVELOPMENT_TEAM = 6RGW73443L;
				INFOPLIST_FILE = DraggableView/Info.plist;
				LD_RUNPATH_SEARCH_PATHS = (
					"$(inherited)",
					"@executable_path/Frameworks",
				);
				PRODUCT_BUNDLE_IDENTIFIER = com.ekrami.DraggableView;
				PRODUCT_NAME = "$(TARGET_NAME)";
				SWIFT_VERSION = 5.0;
				TARGETED_DEVICE_FAMILY = "1,2";
			};
			name = Debug;
		};
		4333F807256296F3006A8698 /* Release */ = {
			isa = XCBuildConfiguration;
			baseConfigurationReference = 91081FD0F63273CCD78BCFFC /* Pods-DraggableView.release.xcconfig */;
			buildSettings = {
				ASSETCATALOG_COMPILER_APPICON_NAME = AppIcon;
				ASSETCATALOG_COMPILER_GLOBAL_ACCENT_COLOR_NAME = AccentColor;
				CODE_SIGN_STYLE = Automatic;
				DEVELOPMENT_TEAM = 6RGW73443L;
				INFOPLIST_FILE = DraggableView/Info.plist;
				LD_RUNPATH_SEARCH_PATHS = (
					"$(inherited)",
					"@executable_path/Frameworks",
				);
				PRODUCT_BUNDLE_IDENTIFIER = com.ekrami.DraggableView;
				PRODUCT_NAME = "$(TARGET_NAME)";
				SWIFT_VERSION = 5.0;
				TARGETED_DEVICE_FAMILY = "1,2";
			};
			name = Release;
		};
		4333F809256296F3006A8698 /* Debug */ = {
			isa = XCBuildConfiguration;
			baseConfigurationReference = 2762585C38D7A6D3A1315588 /* Pods-DraggableViewTests.debug.xcconfig */;
			buildSettings = {
				ALWAYS_EMBED_SWIFT_STANDARD_LIBRARIES = YES;
				BUNDLE_LOADER = "$(TEST_HOST)";
				CODE_SIGN_STYLE = Automatic;
				DEVELOPMENT_TEAM = 6RGW73443L;
				INFOPLIST_FILE = DraggableViewTests/Info.plist;
				IPHONEOS_DEPLOYMENT_TARGET = 14.2;
				LD_RUNPATH_SEARCH_PATHS = (
					"$(inherited)",
					"@executable_path/Frameworks",
					"@loader_path/Frameworks",
				);
				PRODUCT_BUNDLE_IDENTIFIER = com.ekrami.DraggableViewTests;
				PRODUCT_NAME = "$(TARGET_NAME)";
				SWIFT_VERSION = 5.0;
				TARGETED_DEVICE_FAMILY = "1,2";
				TEST_HOST = "$(BUILT_PRODUCTS_DIR)/DraggableView.app/DraggableView";
			};
			name = Debug;
		};
		4333F80A256296F3006A8698 /* Release */ = {
			isa = XCBuildConfiguration;
			baseConfigurationReference = B553139443E01531F7127E8E /* Pods-DraggableViewTests.release.xcconfig */;
			buildSettings = {
				ALWAYS_EMBED_SWIFT_STANDARD_LIBRARIES = YES;
				BUNDLE_LOADER = "$(TEST_HOST)";
				CODE_SIGN_STYLE = Automatic;
				DEVELOPMENT_TEAM = 6RGW73443L;
				INFOPLIST_FILE = DraggableViewTests/Info.plist;
				IPHONEOS_DEPLOYMENT_TARGET = 14.2;
				LD_RUNPATH_SEARCH_PATHS = (
					"$(inherited)",
					"@executable_path/Frameworks",
					"@loader_path/Frameworks",
				);
				PRODUCT_BUNDLE_IDENTIFIER = com.ekrami.DraggableViewTests;
				PRODUCT_NAME = "$(TARGET_NAME)";
				SWIFT_VERSION = 5.0;
				TARGETED_DEVICE_FAMILY = "1,2";
				TEST_HOST = "$(BUILT_PRODUCTS_DIR)/DraggableView.app/DraggableView";
			};
			name = Release;
		};
		4333F80C256296F3006A8698 /* Debug */ = {
			isa = XCBuildConfiguration;
			baseConfigurationReference = 1499A736E29003EC24E507C8 /* Pods-DraggableView-DraggableViewUITests.debug.xcconfig */;
			buildSettings = {
				ALWAYS_EMBED_SWIFT_STANDARD_LIBRARIES = YES;
				CODE_SIGN_STYLE = Automatic;
				DEVELOPMENT_TEAM = 6RGW73443L;
				INFOPLIST_FILE = DraggableViewUITests/Info.plist;
				LD_RUNPATH_SEARCH_PATHS = (
					"$(inherited)",
					"@executable_path/Frameworks",
					"@loader_path/Frameworks",
				);
				PRODUCT_BUNDLE_IDENTIFIER = com.ekrami.DraggableViewUITests;
				PRODUCT_NAME = "$(TARGET_NAME)";
				SWIFT_VERSION = 5.0;
				TARGETED_DEVICE_FAMILY = "1,2";
				TEST_TARGET_NAME = DraggableView;
			};
			name = Debug;
		};
		4333F80D256296F3006A8698 /* Release */ = {
			isa = XCBuildConfiguration;
			baseConfigurationReference = 8892B2BE79EE4CA251B76A87 /* Pods-DraggableView-DraggableViewUITests.release.xcconfig */;
			buildSettings = {
				ALWAYS_EMBED_SWIFT_STANDARD_LIBRARIES = YES;
				CODE_SIGN_STYLE = Automatic;
				DEVELOPMENT_TEAM = 6RGW73443L;
				INFOPLIST_FILE = DraggableViewUITests/Info.plist;
				LD_RUNPATH_SEARCH_PATHS = (
					"$(inherited)",
					"@executable_path/Frameworks",
					"@loader_path/Frameworks",
				);
				PRODUCT_BUNDLE_IDENTIFIER = com.ekrami.DraggableViewUITests;
				PRODUCT_NAME = "$(TARGET_NAME)";
				SWIFT_VERSION = 5.0;
				TARGETED_DEVICE_FAMILY = "1,2";
				TEST_TARGET_NAME = DraggableView;
			};
			name = Release;
		};
/* End XCBuildConfiguration section */

/* Begin XCConfigurationList section */
		4333F7D6256296F2006A8698 /* Build configuration list for PBXProject "DraggableView" */ = {
			isa = XCConfigurationList;
			buildConfigurations = (
				4333F803256296F3006A8698 /* Debug */,
				4333F804256296F3006A8698 /* Release */,
			);
			defaultConfigurationIsVisible = 0;
			defaultConfigurationName = Release;
		};
		4333F805256296F3006A8698 /* Build configuration list for PBXNativeTarget "DraggableView" */ = {
			isa = XCConfigurationList;
			buildConfigurations = (
				4333F806256296F3006A8698 /* Debug */,
				4333F807256296F3006A8698 /* Release */,
			);
			defaultConfigurationIsVisible = 0;
			defaultConfigurationName = Release;
		};
		4333F808256296F3006A8698 /* Build configuration list for PBXNativeTarget "DraggableViewTests" */ = {
			isa = XCConfigurationList;
			buildConfigurations = (
				4333F809256296F3006A8698 /* Debug */,
				4333F80A256296F3006A8698 /* Release */,
			);
			defaultConfigurationIsVisible = 0;
			defaultConfigurationName = Release;
		};
		4333F80B256296F3006A8698 /* Build configuration list for PBXNativeTarget "DraggableViewUITests" */ = {
			isa = XCConfigurationList;
			buildConfigurations = (
				4333F80C256296F3006A8698 /* Debug */,
				4333F80D256296F3006A8698 /* Release */,
			);
			defaultConfigurationIsVisible = 0;
			defaultConfigurationName = Release;
		};
/* End XCConfigurationList section */
	};
	rootObject = 4333F7D3256296F2006A8698 /* Project object */;
}
